
Microsoft Visual Studio Solution File, Format Version 12.00
# Visual Studio Version 16
VisualStudioVersion = 16.0.30621.155
MinimumVisualStudioVersion = 10.0.40219.1
Project("{FAE04EC0-301F-11D3-BF4B-00C04F79EFBC}") = "SampleProjectJenkins", "SampleProjectJenkins\SampleProjectJenkins.csproj", "{6E837CEF-061E-48AC-BE32-A20408B903C8}"
EndProject
Global
	GlobalSection(SolutionConfigurationPlatforms) = preSolution
		Debug|Any CPU = Debug|Any CPU
		Release|Any CPU = Release|Any CPU
	EndGlobalSection
	GlobalSection(ProjectConfigurationPlatforms) = postSolution
		{6E837CEF-061E-48AC-BE32-A20408B903C8}.Debug|Any CPU.ActiveCfg = Debug|Any CPU
		{6E837CEF-061E-48AC-BE32-A20408B903C8}.Debug|Any CPU.Build.0 = Debug|Any CPU
		{6E837CEF-061E-48AC-BE32-A20408B903C8}.Release|Any CPU.ActiveCfg = Release|Any CPU
		{6E837CEF-061E-48AC-BE32-A20408B903C8}.Release|Any CPU.Build.0 = Release|Any CPU
	EndGlobalSection
	GlobalSection(SolutionProperties) = preSolution
		HideSolutionNode = FALSE
	EndGlobalSection
	GlobalSection(ExtensibilityGlobals) = postSolution
		SolutionGuid = {94F51299-C0BD-45F2-8B49-6A8D06CB8169}
	EndGlobalSection
EndGlobal
